// !$*UTF8*$!
{
	archiveVersion = 1;
	classes = {
	};
	objectVersion = 46;
	objects = {

/* Begin PBXBuildFile section */
		AFBDCA471F451659008AB7F5 /* AppDelegate.swift in Sources */ = {isa = PBXBuildFile; fileRef = AFBDCA461F451659008AB7F5 /* AppDelegate.swift */; };
		AFBDCA491F451659008AB7F5 /* ViewController.swift in Sources */ = {isa = PBXBuildFile; fileRef = AFBDCA481F451659008AB7F5 /* ViewController.swift */; };
		AFBDCA4C1F451659008AB7F5 /* Main.storyboard in Resources */ = {isa = PBXBuildFile; fileRef = AFBDCA4A1F451659008AB7F5 /* Main.storyboard */; };
		AFBDCA4F1F451659008AB7F5 /* HitList.xcdatamodeld in Sources */ = {isa = PBXBuildFile; fileRef = AFBDCA4D1F451659008AB7F5 /* HitList.xcdatamodeld */; };
		AFBDCA511F451659008AB7F5 /* Assets.xcassets in Resources */ = {isa = PBXBuildFile; fileRef = AFBDCA501F451659008AB7F5 /* Assets.xcassets */; };
		AFBDCA541F451659008AB7F5 /* LaunchScreen.storyboard in Resources */ = {isa = PBXBuildFile; fileRef = AFBDCA521F451659008AB7F5 /* LaunchScreen.storyboard */; };
/* End PBXBuildFile section */

/* Begin PBXFileReference section */
		AFBDCA431F451659008AB7F5 /* HitList.app */ = {isa = PBXFileReference; explicitFileType = wrapper.application; includeInIndex = 0; path = HitList.app; sourceTree = BUILT_PRODUCTS_DIR; };
		AFBDCA461F451659008AB7F5 /* AppDelegate.swift */ = {isa = PBXFileReference; lastKnownFileType = sourcecode.swift; path = AppDelegate.swift; sourceTree = "<group>"; };
		AFBDCA481F451659008AB7F5 /* ViewController.swift */ = {isa = PBXFileReference; lastKnownFileType = sourcecode.swift; path = ViewController.swift; sourceTree = "<group>"; };
		AFBDCA4B1F451659008AB7F5 /* Base */ = {isa = PBXFileReference; lastKnownFileType = file.storyboard; name = Base; path = Base.lproj/Main.storyboard; sourceTree = "<group>"; };
		AFBDCA4E1F451659008AB7F5 /* HitList.xcdatamodel */ = {isa = PBXFileReference; lastKnownFileType = wrapper.xcdatamodel; path = HitList.xcdatamodel; sourceTree = "<group>"; };
		AFBDCA501F451659008AB7F5 /* Assets.xcassets */ = {isa = PBXFileReference; lastKnownFileType = folder.assetcatalog; path = Assets.xcassets; sourceTree = "<group>"; };
		AFBDCA531F451659008AB7F5 /* Base */ = {isa = PBXFileReference; lastKnownFileType = file.storyboard; name = Base; path = Base.lproj/LaunchScreen.storyboard; sourceTree = "<group>"; };
		AFBDCA551F451659008AB7F5 /* Info.plist */ = {isa = PBXFileReference; lastKnownFileType = text.plist.xml; path = Info.plist; sourceTree = "<group>"; };
/* End PBXFileReference section */

/* Begin PBXFrameworksBuildPhase section */
		AFBDCA401F451659008AB7F5 /* Frameworks */ = {
			isa = PBXFrameworksBuildPhase;
			buildActionMask = 2147483647;
			files = (
			);
			runOnlyForDeploymentPostprocessing = 0;
		};
/* End PBXFrameworksBuildPhase section */

/* Begin PBXGroup section */
		AFBDCA3A1F451659008AB7F5 = {
			isa = PBXGroup;
			children = (
				AFBDCA451F451659008AB7F5 /* HitList */,
				AFBDCA441F451659008AB7F5 /* Products */,
			);
			sourceTree = "<group>";
		};
		AFBDCA441F451659008AB7F5 /* Products */ = {
			isa = PBXGroup;
			children = (
				AFBDCA431F451659008AB7F5 /* HitList.app */,
			);
			name = Products;
			sourceTree = "<group>";
		};
		AFBDCA451F451659008AB7F5 /* HitList */ = {
			isa = PBXGroup;
			children = (
				AFBDCA461F451659008AB7F5 /* AppDelegate.swift */,
				AFBDCA481F451659008AB7F5 /* ViewController.swift */,
				AFBDCA4A1F451659008AB7F5 /* Main.storyboard */,
				AFBDCA501F451659008AB7F5 /* Assets.xcassets */,
				AFBDCA521F451659008AB7F5 /* LaunchScreen.storyboard */,
				AFBDCA551F451659008AB7F5 /* Info.plist */,
				AFBDCA4D1F451659008AB7F5 /* HitList.xcdatamodeld */,
			);
			path = HitList;
			sourceTree = "<group>";
		};
/* End PBXGroup section */

/* Begin PBXNativeTarget section */
		AFBDCA421F451659008AB7F5 /* HitList */ = {
			isa = PBXNativeTarget;
			buildConfigurationList = AFBDCA581F451659008AB7F5 /* Build configuration list for PBXNativeTarget "HitList" */;
			buildPhases = (
				AFBDCA3F1F451659008AB7F5 /* Sources */,
				AFBDCA401F451659008AB7F5 /* Frameworks */,
				AFBDCA411F451659008AB7F5 /* Resources */,
			);
			buildRules = (
			);
			dependencies = (
			);
			name = HitList;
			productName = HitList;
			productReference = AFBDCA431F451659008AB7F5 /* HitList.app */;
			productType = "com.apple.product-type.application";
		};
/* End PBXNativeTarget section */

/* Begin PBXProject section */
		AFBDCA3B1F451659008AB7F5 /* Project object */ = {
			isa = PBXProject;
			attributes = {
				LastSwiftUpdateCheck = 0830;
				LastUpgradeCheck = 0830;
				TargetAttributes = {
					AFBDCA421F451659008AB7F5 = {
						CreatedOnToolsVersion = 8.3.3;
						DevelopmentTeam = SJ25HY3QX2;
						ProvisioningStyle = Automatic;
					};
				};
			};
			buildConfigurationList = AFBDCA3E1F451659008AB7F5 /* Build configuration list for PBXProject "HitList" */;
			compatibilityVersion = "Xcode 3.2";
			developmentRegion = English;
			hasScannedForEncodings = 0;
			knownRegions = (
				en,
				Base,
			);
			mainGroup = AFBDCA3A1F451659008AB7F5;
			productRefGroup = AFBDCA441F451659008AB7F5 /* Products */;
			projectDirPath = "";
			projectRoot = "";
			targets = (
				AFBDCA421F451659008AB7F5 /* HitList */,
			);
		};
/* End PBXProject section */

/* Begin PBXResourcesBuildPhase section */
		AFBDCA411F451659008AB7F5 /* Resources */ = {
			isa = PBXResourcesBuildPhase;
			buildActionMask = 2147483647;
			files = (
				AFBDCA541F451659008AB7F5 /* LaunchScreen.storyboard in Resources */,
				AFBDCA511F451659008AB7F5 /* Assets.xcassets in Resources */,
				AFBDCA4C1F451659008AB7F5 /* Main.storyboard in Resources */,
			);
			runOnlyForDeploymentPostprocessing = 0;
		};
/* End PBXResourcesBuildPhase section */

/* Begin PBXSourcesBuildPhase section */
		AFBDCA3F1F451659008AB7F5 /* Sources */ = {
			isa = PBXSourcesBuildPhase;
			buildActionMask = 2147483647;
			files = (
				AFBDCA4F1F451659008AB7F5 /* HitList.xcdatamodeld in Sources */,
				AFBDCA491F451659008AB7F5 /* ViewController.swift in Sources */,
				AFBDCA471F451659008AB7F5 /* AppDelegate.swift in Sources */,
			);
			runOnlyForDeploymentPostprocessing = 0;
		};
/* End PBXSourcesBuildPhase section */

/* Begin PBXVariantGroup section */
		AFBDCA4A1F451659008AB7F5 /* Main.storyboard */ = {
			isa = PBXVariantGroup;
			children = (
				AFBDCA4B1F451659008AB7F5 /* Base */,
			);
			name = Main.storyboard;
			sourceTree = "<group>";
		};
		AFBDCA521F451659008AB7F5 /* LaunchScreen.storyboard */ = {
			isa = PBXVariantGroup;
			children = (
				AFBDCA531F451659008AB7F5 /* Base */,
			);
			name = LaunchScreen.storyboard;
			sourceTree = "<group>";
		};
/* End PBXVariantGroup section */

/* Begin XCBuildConfiguration section */
		AFBDCA561F451659008AB7F5 /* Debug */ = {
			isa = XCBuildConfiguration;
			buildSettings = {
				ALWAYS_SEARCH_USER_PATHS = NO;
				CLANG_ANALYZER_NONNULL = YES;
				CLANG_ANALYZER_NUMBER_OBJECT_CONVERSION = YES_AGGRESSIVE;
				CLANG_CXX_LANGUAGE_STANDARD = "gnu++0x";
				CLANG_CXX_LIBRARY = "libc++";
				CLANG_ENABLE_MODULES = YES;
				CLANG_ENABLE_OBJC_ARC = YES;
				CLANG_WARN_BOOL_CONVERSION = YES;
				CLANG_WARN_CONSTANT_CONVERSION = YES;
				CLANG_WARN_DIRECT_OBJC_ISA_USAGE = YES_ERROR;
				CLANG_WARN_DOCUMENTATION_COMMENTS = YES;
				CLANG_WARN_EMPTY_BODY = YES;
				CLANG_WARN_ENUM_CONVERSION = YES;
				CLANG_WARN_INFINITE_RECURSION = YES;
				CLANG_WARN_INT_CONVERSION = YES;
				CLANG_WARN_OBJC_ROOT_CLASS = YES_ERROR;
				CLANG_WARN_SUSPICIOUS_MOVE = YES;
				CLANG_WARN_UNREACHABLE_CODE = YES;
				CLANG_WARN__DUPLICATE_METHOD_MATCH = YES;
				"CODE_SIGN_IDENTITY[sdk=iphoneos*]" = "iPhone Developer";
				COPY_PHASE_STRIP = NO;
				DEBUG_INFORMATION_FORMAT = dwarf;
				ENABLE_STRICT_OBJC_MSGSEND = YES;
				ENABLE_TESTABILITY = YES;
				GCC_C_LANGUAGE_STANDARD = gnu99;
				GCC_DYNAMIC_NO_PIC = NO;
				GCC_NO_COMMON_BLOCKS = YES;
				GCC_OPTIMIZATION_LEVEL = 0;
				GCC_PREPROCESSOR_DEFINITIONS = (
					"DEBUG=1",
					"$(inherited)",
				);
				GCC_WARN_64_TO_32_BIT_CONVERSION = YES;
				GCC_WARN_ABOUT_RETURN_TYPE = YES_ERROR;
				GCC_WARN_UNDECLARED_SELECTOR = YES;
				GCC_WARN_UNINITIALIZED_AUTOS = YES_AGGRESSIVE;
				GCC_WARN_UNUSED_FUNCTION = YES;
				GCC_WARN_UNUSED_VARIABLE = YES;
				IPHONEOS_DEPLOYMENT_TARGET = 10.3;
				MTL_ENABLE_DEBUG_INFO = YES;
				ONLY_ACTIVE_ARCH = YES;
				SDKROOT = iphoneos;
				SWIFT_ACTIVE_COMPILATION_CONDITIONS = DEBUG;
				SWIFT_OPTIMIZATION_LEVEL = "-Onone";
				TARGETED_DEVICE_FAMILY = "1,2";
			};
			name = Debug;
		};
		AFBDCA571F451659008AB7F5 /* Release */ = {
			isa = XCBuildConfiguration;
			buildSettings = {
				ALWAYS_SEARCH_USER_PATHS = NO;
				CLANG_ANALYZER_NONNULL = YES;
				CLANG_ANALYZER_NUMBER_OBJECT_CONVERSION = YES_AGGRESSIVE;
				CLANG_CXX_LANGUAGE_STANDARD = "gnu++0x";
				CLANG_CXX_LIBRARY = "libc++";
				CLANG_ENABLE_MODULES = YES;
				CLANG_ENABLE_OBJC_ARC = YES;
				CLANG_WARN_BOOL_CONVERSION = YES;
				CLANG_WARN_CONSTANT_CONVERSION = YES;
				CLANG_WARN_DIRECT_OBJC_ISA_USAGE = YES_ERROR;
				CLANG_WARN_DOCUMENTATION_COMMENTS = YES;
				CLANG_WARN_EMPTY_BODY = YES;
				CLANG_WARN_ENUM_CONVERSION = YES;
				CLANG_WARN_INFINITE_RECURSION = YES;
				CLANG_WARN_INT_CONVERSION = YES;
				CLANG_WARN_OBJC_ROOT_CLASS = YES_ERROR;
				CLANG_WARN_SUSPICIOUS_MOVE = YES;
				CLANG_WARN_UNREACHABLE_CODE = YES;
				CLANG_WARN__DUPLICATE_METHOD_MATCH = YES;
				"CODE_SIGN_IDENTITY[sdk=iphoneos*]" = "iPhone Developer";
				COPY_PHASE_STRIP = NO;
				DEBUG_INFORMATION_FORMAT = "dwarf-with-dsym";
				ENABLE_NS_ASSERTIONS = NO;
				ENABLE_STRICT_OBJC_MSGSEND = YES;
				GCC_C_LANGUAGE_STANDARD = gnu99;
				GCC_NO_COMMON_BLOCKS = YES;
				GCC_WARN_64_TO_32_BIT_CONVERSION = YES;
				GCC_WARN_ABOUT_RETURN_TYPE = YES_ERROR;
				GCC_WARN_UNDECLARED_SELECTOR = YES;
				GCC_WARN_UNINITIALIZED_AUTOS = YES_AGGRESSIVE;
				GCC_WARN_UNUSED_FUNCTION = YES;
				GCC_WARN_UNUSED_VARIABLE = YES;
				IPHONEOS_DEPLOYMENT_TARGET = 10.3;
				MTL_ENABLE_DEBUG_INFO = NO;
				SDKROOT = iphoneos;
				SWIFT_OPTIMIZATION_LEVEL = "-Owholemodule";
				TARGETED_DEVICE_FAMILY = "1,2";
				VALIDATE_PRODUCT = YES;
			};
			name = Release;
		};
		AFBDCA591F451659008AB7F5 /* Debug */ = {
			isa = XCBuildConfiguration;
			buildSettings = {
				ASSETCATALOG_COMPILER_APPICON_NAME = AppIcon;
				DEVELOPMENT_TEAM = SJ25HY3QX2;
				INFOPLIST_FILE = HitList/Info.plist;
				LD_RUNPATH_SEARCH_PATHS = "$(inherited) @executable_path/Frameworks";
				PRODUCT_BUNDLE_IDENTIFIER = com.examples.HitList;
				PRODUCT_NAME = "$(TARGET_NAME)";
				SWIFT_VERSION = 3.0;
			};
			name = Debug;
		};
		AFBDCA5A1F451659008AB7F5 /* Release */ = {
			isa = XCBuildConfiguration;
			buildSettings = {
				ASSETCATALOG_COMPILER_APPICON_NAME = AppIcon;
				DEVELOPMENT_TEAM = SJ25HY3QX2;
				INFOPLIST_FILE = HitList/Info.plist;
				LD_RUNPATH_SEARCH_PATHS = "$(inherited) @executable_path/Frameworks";
				PRODUCT_BUNDLE_IDENTIFIER = com.examples.HitList;
				PRODUCT_NAME = "$(TARGET_NAME)";
				SWIFT_VERSION = 3.0;
			};
			name = Release;
		};
/* End XCBuildConfiguration section */

/* Begin XCConfigurationList section */
		AFBDCA3E1F451659008AB7F5 /* Build configuration list for PBXProject "HitList" */ = {
			isa = XCConfigurationList;
			buildConfigurations = (
				AFBDCA561F451659008AB7F5 /* Debug */,
				AFBDCA571F451659008AB7F5 /* Release */,
			);
			defaultConfigurationIsVisible = 0;
			defaultConfigurationName = Release;
		};
		AFBDCA581F451659008AB7F5 /* Build configuration list for PBXNativeTarget "HitList" */ = {
			isa = XCConfigurationList;
			buildConfigurations = (
				AFBDCA591F451659008AB7F5 /* Debug */,
				AFBDCA5A1F451659008AB7F5 /* Release */,
			);
			defaultConfigurationIsVisible = 0;
		};
/* End XCConfigurationList section */

/* Begin XCVersionGroup section */
		AFBDCA4D1F451659008AB7F5 /* HitList.xcdatamodeld */ = {
			isa = XCVersionGroup;
			children = (
				AFBDCA4E1F451659008AB7F5 /* HitList.xcdatamodel */,
			);
			currentVersion = AFBDCA4E1F451659008AB7F5 /* HitList.xcdatamodel */;
			path = HitList.xcdatamodeld;
			sourceTree = "<group>";
			versionGroupType = wrapper.xcdatamodel;
		};
/* End XCVersionGroup section */
	};
	rootObject = AFBDCA3B1F451659008AB7F5 /* Project object */;
}
